
Microsoft Visual Studio Solution File, Format Version 12.00
# Visual Studio Version 17
VisualStudioVersion = 17.6.33723.286
MinimumVisualStudioVersion = 10.0.40219.1
Project("{FAE04EC0-301F-11D3-BF4B-00C04F79EFBC}") = "KinoBiletiAdminApplication", "KinoBiletiAdminApplication\KinoBiletiAdminApplication.csproj", "{4E7DCE6C-09AE-454D-8077-1219268EBA50}"
EndProject
Global
	GlobalSection(SolutionConfigurationPlatforms) = preSolution
		Debug|Any CPU = Debug|Any CPU
		Release|Any CPU = Release|Any CPU
	EndGlobalSection
	GlobalSection(ProjectConfigurationPlatforms) = postSolution
		{4E7DCE6C-09AE-454D-8077-1219268EBA50}.Debug|Any CPU.ActiveCfg = Debug|Any CPU
		{4E7DCE6C-09AE-454D-8077-1219268EBA50}.Debug|Any CPU.Build.0 = Debug|Any CPU
		{4E7DCE6C-09AE-454D-8077-1219268EBA50}.Release|Any CPU.ActiveCfg = Release|Any CPU
		{4E7DCE6C-09AE-454D-8077-1219268EBA50}.Release|Any CPU.Build.0 = Release|Any CPU
	EndGlobalSection
	GlobalSection(SolutionProperties) = preSolution
		HideSolutionNode = FALSE
	EndGlobalSection
	GlobalSection(ExtensibilityGlobals) = postSolution
		SolutionGuid = {8C139ADB-6402-43C4-A3A3-1509B89C5772}
	EndGlobalSection
EndGlobal
